
Microsoft Visual Studio Solution File, Format Version 12.00
# Visual Studio Version 16
VisualStudioVersion = 16.0.31004.235
MinimumVisualStudioVersion = 10.0.40219.1
Project("{FAE04EC0-301F-11D3-BF4B-00C04F79EFBC}") = "XCT.SandBox.UWP", "XCT.SandBox\XCT.SandBox.UWP\XCT.SandBox.UWP.csproj", "{F82C9477-A2A1-426E-A291-F1D286283030}"
EndProject
Project("{FAE04EC0-301F-11D3-BF4B-00C04F79EFBC}") = "XCT.SandBox.Android", "XCT.SandBox\XCT.SandBox.Android\XCT.SandBox.Android.csproj", "{7FD579A4-A8FB-4060-B7CC-A632477D8DEB}"
EndProject
Project("{FAE04EC0-301F-11D3-BF4B-00C04F79EFBC}") = "XCT.SandBox.iOS", "XCT.SandBox\XCT.SandBox.iOS\XCT.SandBox.iOS.csproj", "{2799CE43-0E6E-48C3-B324-3A7F69F15AA6}"
EndProject
Project("{9A19103F-16F7-4668-BE54-9A1E7A4F7556}") = "XCT.SandBox", "XCT.SandBox\XCT.SandBox\XCT.SandBox.csproj", "{7BF4AAC5-C72A-4398-9919-7CF5CCF6D7CA}"
EndProject
Project("{2150E333-8FDC-42A3-9474-1A3956D46DE8}") = "XCTSource", "XCTSource", "{B56E5E27-CFA1-4EDC-AA0C-469BCD54D5DD}"
EndProject
Project("{9A19103F-16F7-4668-BE54-9A1E7A4F7556}") = "Xamarin.CommunityToolkit", "XamarinCommunityToolkit\src\CommunityToolkit\Xamarin.CommunityToolkit\Xamarin.CommunityToolkit.csproj", "{8E906580-1A31-4018-B71E-A56860A4426D}"
EndProject
Global
	GlobalSection(SolutionConfigurationPlatforms) = preSolution
		Debug|Any CPU = Debug|Any CPU
		Debug|ARM = Debug|ARM
		Debug|iPhone = Debug|iPhone
		Debug|iPhoneSimulator = Debug|iPhoneSimulator
		Debug|x64 = Debug|x64
		Debug|x86 = Debug|x86
		Release|Any CPU = Release|Any CPU
		Release|ARM = Release|ARM
		Release|iPhone = Release|iPhone
		Release|iPhoneSimulator = Release|iPhoneSimulator
		Release|x64 = Release|x64
		Release|x86 = Release|x86
	EndGlobalSection
	GlobalSection(ProjectConfigurationPlatforms) = postSolution
		{F82C9477-A2A1-426E-A291-F1D286283030}.Debug|Any CPU.ActiveCfg = Debug|x86
		{F82C9477-A2A1-426E-A291-F1D286283030}.Debug|Any CPU.Build.0 = Debug|x86
		{F82C9477-A2A1-426E-A291-F1D286283030}.Debug|Any CPU.Deploy.0 = Debug|x86
		{F82C9477-A2A1-426E-A291-F1D286283030}.Debug|ARM.ActiveCfg = Debug|ARM
		{F82C9477-A2A1-426E-A291-F1D286283030}.Debug|ARM.Build.0 = Debug|ARM
		{F82C9477-A2A1-426E-A291-F1D286283030}.Debug|ARM.Deploy.0 = Debug|ARM
		{F82C9477-A2A1-426E-A291-F1D286283030}.Debug|iPhone.ActiveCfg = Debug|x86
		{F82C9477-A2A1-426E-A291-F1D286283030}.Debug|iPhone.Build.0 = Debug|x86
		{F82C9477-A2A1-426E-A291-F1D286283030}.Debug|iPhone.Deploy.0 = Debug|x86
		{F82C9477-A2A1-426E-A291-F1D286283030}.Debug|iPhoneSimulator.ActiveCfg = Debug|x86
		{F82C9477-A2A1-426E-A291-F1D286283030}.Debug|iPhoneSimulator.Build.0 = Debug|x86
		{F82C9477-A2A1-426E-A291-F1D286283030}.Debug|iPhoneSimulator.Deploy.0 = Debug|x86
		{F82C9477-A2A1-426E-A291-F1D286283030}.Debug|x64.ActiveCfg = Debug|x64
		{F82C9477-A2A1-426E-A291-F1D286283030}.Debug|x64.Build.0 = Debug|x64
		{F82C9477-A2A1-426E-A291-F1D286283030}.Debug|x64.Deploy.0 = Debug|x64
		{F82C9477-A2A1-426E-A291-F1D286283030}.Debug|x86.ActiveCfg = Debug|x86
		{F82C9477-A2A1-426E-A291-F1D286283030}.Debug|x86.Build.0 = Debug|x86
		{F82C9477-A2A1-426E-A291-F1D286283030}.Debug|x86.Deploy.0 = Debug|x86
		{F82C9477-A2A1-426E-A291-F1D286283030}.Release|Any CPU.ActiveCfg = Release|x86
		{F82C9477-A2A1-426E-A291-F1D286283030}.Release|Any CPU.Build.0 = Release|x86
		{F82C9477-A2A1-426E-A291-F1D286283030}.Release|Any CPU.Deploy.0 = Release|x86
		{F82C9477-A2A1-426E-A291-F1D286283030}.Release|ARM.ActiveCfg = Release|ARM
		{F82C9477-A2A1-426E-A291-F1D286283030}.Release|ARM.Build.0 = Release|ARM
		{F82C9477-A2A1-426E-A291-F1D286283030}.Release|ARM.Deploy.0 = Release|ARM
		{F82C9477-A2A1-426E-A291-F1D286283030}.Release|iPhone.ActiveCfg = Release|x86
		{F82C9477-A2A1-426E-A291-F1D286283030}.Release|iPhone.Build.0 = Release|x86
		{F82C9477-A2A1-426E-A291-F1D286283030}.Release|iPhone.Deploy.0 = Release|x86
		{F82C9477-A2A1-426E-A291-F1D286283030}.Release|iPhoneSimulator.ActiveCfg = Release|x86
		{F82C9477-A2A1-426E-A291-F1D286283030}.Release|iPhoneSimulator.Build.0 = Release|x86
		{F82C9477-A2A1-426E-A291-F1D286283030}.Release|iPhoneSimulator.Deploy.0 = Release|x86
		{F82C9477-A2A1-426E-A291-F1D286283030}.Release|x64.ActiveCfg = Release|x64
		{F82C9477-A2A1-426E-A291-F1D286283030}.Release|x64.Build.0 = Release|x64
		{F82C9477-A2A1-426E-A291-F1D286283030}.Release|x64.Deploy.0 = Release|x64
		{F82C9477-A2A1-426E-A291-F1D286283030}.Release|x86.ActiveCfg = Release|x86
		{F82C9477-A2A1-426E-A291-F1D286283030}.Release|x86.Build.0 = Release|x86
		{F82C9477-A2A1-426E-A291-F1D286283030}.Release|x86.Deploy.0 = Release|x86
		{7FD579A4-A8FB-4060-B7CC-A632477D8DEB}.Debug|Any CPU.ActiveCfg = Debug|Any CPU
		{7FD579A4-A8FB-4060-B7CC-A632477D8DEB}.Debug|Any CPU.Build.0 = Debug|Any CPU
		{7FD579A4-A8FB-4060-B7CC-A632477D8DEB}.Debug|Any CPU.Deploy.0 = Debug|Any CPU
		{7FD579A4-A8FB-4060-B7CC-A632477D8DEB}.Debug|ARM.ActiveCfg = Debug|Any CPU
		{7FD579A4-A8FB-4060-B7CC-A632477D8DEB}.Debug|ARM.Build.0 = Debug|Any CPU
		{7FD579A4-A8FB-4060-B7CC-A632477D8DEB}.Debug|ARM.Deploy.0 = Debug|Any CPU
		{7FD579A4-A8FB-4060-B7CC-A632477D8DEB}.Debug|iPhone.ActiveCfg = Debug|Any CPU
		{7FD579A4-A8FB-4060-B7CC-A632477D8DEB}.Debug|iPhone.Build.0 = Debug|Any CPU
		{7FD579A4-A8FB-4060-B7CC-A632477D8DEB}.Debug|iPhone.Deploy.0 = Debug|Any CPU
		{7FD579A4-A8FB-4060-B7CC-A632477D8DEB}.Debug|iPhoneSimulator.ActiveCfg = Debug|Any CPU
		{7FD579A4-A8FB-4060-B7CC-A632477D8DEB}.Debug|iPhoneSimulator.Build.0 = Debug|Any CPU
		{7FD579A4-A8FB-4060-B7CC-A632477D8DEB}.Debug|iPhoneSimulator.Deploy.0 = Debug|Any CPU
		{7FD579A4-A8FB-4060-B7CC-A632477D8DEB}.Debug|x64.ActiveCfg = Debug|Any CPU
		{7FD579A4-A8FB-4060-B7CC-A632477D8DEB}.Debug|x64.Build.0 = Debug|Any CPU
		{7FD579A4-A8FB-4060-B7CC-A632477D8DEB}.Debug|x64.Deploy.0 = Debug|Any CPU
		{7FD579A4-A8FB-4060-B7CC-A632477D8DEB}.Debug|x86.ActiveCfg = Debug|Any CPU
		{7FD579A4-A8FB-4060-B7CC-A632477D8DEB}.Debug|x86.Build.0 = Debug|Any CPU
		{7FD579A4-A8FB-4060-B7CC-A632477D8DEB}.Debug|x86.Deploy.0 = Debug|Any CPU
		{7FD579A4-A8FB-4060-B7CC-A632477D8DEB}.Release|Any CPU.ActiveCfg = Release|Any CPU
		{7FD579A4-A8FB-4060-B7CC-A632477D8DEB}.Release|Any CPU.Build.0 = Release|Any CPU
		{7FD579A4-A8FB-4060-B7CC-A632477D8DEB}.Release|Any CPU.Deploy.0 = Release|Any CPU
		{7FD579A4-A8FB-4060-B7CC-A632477D8DEB}.Release|ARM.ActiveCfg = Release|Any CPU
		{7FD579A4-A8FB-4060-B7CC-A632477D8DEB}.Release|ARM.Build.0 = Release|Any CPU
		{7FD579A4-A8FB-4060-B7CC-A632477D8DEB}.Release|ARM.Deploy.0 = Release|Any CPU
		{7FD579A4-A8FB-4060-B7CC-A632477D8DEB}.Release|iPhone.ActiveCfg = Release|Any CPU
		{7FD579A4-A8FB-4060-B7CC-A632477D8DEB}.Release|iPhone.Build.0 = Release|Any CPU
		{7FD579A4-A8FB-4060-B7CC-A632477D8DEB}.Release|iPhone.Deploy.0 = Release|Any CPU
		{7FD579A4-A8FB-4060-B7CC-A632477D8DEB}.Release|iPhoneSimulator.ActiveCfg = Release|Any CPU
		{7FD579A4-A8FB-4060-B7CC-A632477D8DEB}.Release|iPhoneSimulator.Build.0 = Release|Any CPU
		{7FD579A4-A8FB-4060-B7CC-A632477D8DEB}.Release|iPhoneSimulator.Deploy.0 = Release|Any CPU
		{7FD579A4-A8FB-4060-B7CC-A632477D8DEB}.Release|x64.ActiveCfg = Release|Any CPU
		{7FD579A4-A8FB-4060-B7CC-A632477D8DEB}.Release|x64.Build.0 = Release|Any CPU
		{7FD579A4-A8FB-4060-B7CC-A632477D8DEB}.Release|x64.Deploy.0 = Release|Any CPU
		{7FD579A4-A8FB-4060-B7CC-A632477D8DEB}.Release|x86.ActiveCfg = Release|Any CPU
		{7FD579A4-A8FB-4060-B7CC-A632477D8DEB}.Release|x86.Build.0 = Release|Any CPU
		{7FD579A4-A8FB-4060-B7CC-A632477D8DEB}.Release|x86.Deploy.0 = Release|Any CPU
		{2799CE43-0E6E-48C3-B324-3A7F69F15AA6}.Debug|Any CPU.ActiveCfg = Debug|iPhoneSimulator
		{2799CE43-0E6E-48C3-B324-3A7F69F15AA6}.Debug|Any CPU.Build.0 = Debug|iPhoneSimulator
		{2799CE43-0E6E-48C3-B324-3A7F69F15AA6}.Debug|Any CPU.Deploy.0 = Debug|iPhoneSimulator
		{2799CE43-0E6E-48C3-B324-3A7F69F15AA6}.Debug|ARM.ActiveCfg = Debug|iPhone
		{2799CE43-0E6E-48C3-B324-3A7F69F15AA6}.Debug|ARM.Build.0 = Debug|iPhone
		{2799CE43-0E6E-48C3-B324-3A7F69F15AA6}.Debug|ARM.Deploy.0 = Debug|iPhone
		{2799CE43-0E6E-48C3-B324-3A7F69F15AA6}.Debug|iPhone.ActiveCfg = Debug|iPhone
		{2799CE43-0E6E-48C3-B324-3A7F69F15AA6}.Debug|iPhone.Build.0 = Debug|iPhone
		{2799CE43-0E6E-48C3-B324-3A7F69F15AA6}.Debug|iPhone.Deploy.0 = Debug|iPhone
		{2799CE43-0E6E-48C3-B324-3A7F69F15AA6}.Debug|iPhoneSimulator.ActiveCfg = Debug|iPhoneSimulator
		{2799CE43-0E6E-48C3-B324-3A7F69F15AA6}.Debug|iPhoneSimulator.Build.0 = Debug|iPhoneSimulator
		{2799CE43-0E6E-48C3-B324-3A7F69F15AA6}.Debug|iPhoneSimulator.Deploy.0 = Debug|iPhoneSimulator
		{2799CE43-0E6E-48C3-B324-3A7F69F15AA6}.Debug|x64.ActiveCfg = Debug|iPhoneSimulator
		{2799CE43-0E6E-48C3-B324-3A7F69F15AA6}.Debug|x64.Build.0 = Debug|iPhoneSimulator
		{2799CE43-0E6E-48C3-B324-3A7F69F15AA6}.Debug|x64.Deploy.0 = Debug|iPhoneSimulator
		{2799CE43-0E6E-48C3-B324-3A7F69F15AA6}.Debug|x86.ActiveCfg = Debug|iPhoneSimulator
		{2799CE43-0E6E-48C3-B324-3A7F69F15AA6}.Debug|x86.Build.0 = Debug|iPhoneSimulator
		{2799CE43-0E6E-48C3-B324-3A7F69F15AA6}.Debug|x86.Deploy.0 = Debug|iPhoneSimulator
		{2799CE43-0E6E-48C3-B324-3A7F69F15AA6}.Release|Any CPU.ActiveCfg = Release|iPhoneSimulator
		{2799CE43-0E6E-48C3-B324-3A7F69F15AA6}.Release|Any CPU.Build.0 = Release|iPhoneSimulator
		{2799CE43-0E6E-48C3-B324-3A7F69F15AA6}.Release|Any CPU.Deploy.0 = Release|iPhoneSimulator
		{2799CE43-0E6E-48C3-B324-3A7F69F15AA6}.Release|ARM.ActiveCfg = Release|iPhoneSimulator
		{2799CE43-0E6E-48C3-B324-3A7F69F15AA6}.Release|ARM.Build.0 = Release|iPhoneSimulator
		{2799CE43-0E6E-48C3-B324-3A7F69F15AA6}.Release|ARM.Deploy.0 = Release|iPhoneSimulator
		{2799CE43-0E6E-48C3-B324-3A7F69F15AA6}.Release|iPhone.ActiveCfg = Release|iPhone
		{2799CE43-0E6E-48C3-B324-3A7F69F15AA6}.Release|iPhone.Build.0 = Release|iPhone
		{2799CE43-0E6E-48C3-B324-3A7F69F15AA6}.Release|iPhone.Deploy.0 = Release|iPhone
		{2799CE43-0E6E-48C3-B324-3A7F69F15AA6}.Release|iPhoneSimulator.ActiveCfg = Release|iPhoneSimulator
		{2799CE43-0E6E-48C3-B324-3A7F69F15AA6}.Release|iPhoneSimulator.Build.0 = Release|iPhoneSimulator
		{2799CE43-0E6E-48C3-B324-3A7F69F15AA6}.Release|iPhoneSimulator.Deploy.0 = Release|iPhoneSimulator
		{2799CE43-0E6E-48C3-B324-3A7F69F15AA6}.Release|x64.ActiveCfg = Release|iPhoneSimulator
		{2799CE43-0E6E-48C3-B324-3A7F69F15AA6}.Release|x64.Build.0 = Release|iPhoneSimulator
		{2799CE43-0E6E-48C3-B324-3A7F69F15AA6}.Release|x64.Deploy.0 = Release|iPhoneSimulator
		{2799CE43-0E6E-48C3-B324-3A7F69F15AA6}.Release|x86.ActiveCfg = Release|iPhoneSimulator
		{2799CE43-0E6E-48C3-B324-3A7F69F15AA6}.Release|x86.Build.0 = Release|iPhoneSimulator
		{2799CE43-0E6E-48C3-B324-3A7F69F15AA6}.Release|x86.Deploy.0 = Release|iPhoneSimulator
		{7BF4AAC5-C72A-4398-9919-7CF5CCF6D7CA}.Debug|Any CPU.ActiveCfg = Debug|Any CPU
		{7BF4AAC5-C72A-4398-9919-7CF5CCF6D7CA}.Debug|Any CPU.Build.0 = Debug|Any CPU
		{7BF4AAC5-C72A-4398-9919-7CF5CCF6D7CA}.Debug|Any CPU.Deploy.0 = Debug|Any CPU
		{7BF4AAC5-C72A-4398-9919-7CF5CCF6D7CA}.Debug|ARM.ActiveCfg = Debug|Any CPU
		{7BF4AAC5-C72A-4398-9919-7CF5CCF6D7CA}.Debug|ARM.Build.0 = Debug|Any CPU
		{7BF4AAC5-C72A-4398-9919-7CF5CCF6D7CA}.Debug|ARM.Deploy.0 = Debug|Any CPU
		{7BF4AAC5-C72A-4398-9919-7CF5CCF6D7CA}.Debug|iPhone.ActiveCfg = Debug|Any CPU
		{7BF4AAC5-C72A-4398-9919-7CF5CCF6D7CA}.Debug|iPhone.Build.0 = Debug|Any CPU
		{7BF4AAC5-C72A-4398-9919-7CF5CCF6D7CA}.Debug|iPhone.Deploy.0 = Debug|Any CPU
		{7BF4AAC5-C72A-4398-9919-7CF5CCF6D7CA}.Debug|iPhoneSimulator.ActiveCfg = Debug|Any CPU
		{7BF4AAC5-C72A-4398-9919-7CF5CCF6D7CA}.Debug|iPhoneSimulator.Build.0 = Debug|Any CPU
		{7BF4AAC5-C72A-4398-9919-7CF5CCF6D7CA}.Debug|iPhoneSimulator.Deploy.0 = Debug|Any CPU
		{7BF4AAC5-C72A-4398-9919-7CF5CCF6D7CA}.Debug|x64.ActiveCfg = Debug|Any CPU
		{7BF4AAC5-C72A-4398-9919-7CF5CCF6D7CA}.Debug|x64.Build.0 = Debug|Any CPU
		{7BF4AAC5-C72A-4398-9919-7CF5CCF6D7CA}.Debug|x64.Deploy.0 = Debug|Any CPU
		{7BF4AAC5-C72A-4398-9919-7CF5CCF6D7CA}.Debug|x86.ActiveCfg = Debug|Any CPU
		{7BF4AAC5-C72A-4398-9919-7CF5CCF6D7CA}.Debug|x86.Build.0 = Debug|Any CPU
		{7BF4AAC5-C72A-4398-9919-7CF5CCF6D7CA}.Debug|x86.Deploy.0 = Debug|Any CPU
		{7BF4AAC5-C72A-4398-9919-7CF5CCF6D7CA}.Release|Any CPU.ActiveCfg = Release|Any CPU
		{7BF4AAC5-C72A-4398-9919-7CF5CCF6D7CA}.Release|Any CPU.Build.0 = Release|Any CPU
		{7BF4AAC5-C72A-4398-9919-7CF5CCF6D7CA}.Release|Any CPU.Deploy.0 = Release|Any CPU
		{7BF4AAC5-C72A-4398-9919-7CF5CCF6D7CA}.Release|ARM.ActiveCfg = Release|Any CPU
		{7BF4AAC5-C72A-4398-9919-7CF5CCF6D7CA}.Release|ARM.Build.0 = Release|Any CPU
		{7BF4AAC5-C72A-4398-9919-7CF5CCF6D7CA}.Release|ARM.Deploy.0 = Release|Any CPU
		{7BF4AAC5-C72A-4398-9919-7CF5CCF6D7CA}.Release|iPhone.ActiveCfg = Release|Any CPU
		{7BF4AAC5-C72A-4398-9919-7CF5CCF6D7CA}.Release|iPhone.Build.0 = Release|Any CPU
		{7BF4AAC5-C72A-4398-9919-7CF5CCF6D7CA}.Release|iPhone.Deploy.0 = Release|Any CPU
		{7BF4AAC5-C72A-4398-9919-7CF5CCF6D7CA}.Release|iPhoneSimulator.ActiveCfg = Release|Any CPU
		{7BF4AAC5-C72A-4398-9919-7CF5CCF6D7CA}.Release|iPhoneSimulator.Build.0 = Release|Any CPU
		{7BF4AAC5-C72A-4398-9919-7CF5CCF6D7CA}.Release|iPhoneSimulator.Deploy.0 = Release|Any CPU
		{7BF4AAC5-C72A-4398-9919-7CF5CCF6D7CA}.Release|x64.ActiveCfg = Release|Any CPU
		{7BF4AAC5-C72A-4398-9919-7CF5CCF6D7CA}.Release|x64.Build.0 = Release|Any CPU
		{7BF4AAC5-C72A-4398-9919-7CF5CCF6D7CA}.Release|x64.Deploy.0 = Release|Any CPU
		{7BF4AAC5-C72A-4398-9919-7CF5CCF6D7CA}.Release|x86.ActiveCfg = Release|Any CPU
		{7BF4AAC5-C72A-4398-9919-7CF5CCF6D7CA}.Release|x86.Build.0 = Release|Any CPU
		{7BF4AAC5-C72A-4398-9919-7CF5CCF6D7CA}.Release|x86.Deploy.0 = Release|Any CPU
		{8E906580-1A31-4018-B71E-A56860A4426D}.Debug|Any CPU.ActiveCfg = Debug|Any CPU
		{8E906580-1A31-4018-B71E-A56860A4426D}.Debug|Any CPU.Build.0 = Debug|Any CPU
		{8E906580-1A31-4018-B71E-A56860A4426D}.Debug|ARM.ActiveCfg = Debug|Any CPU
		{8E906580-1A31-4018-B71E-A56860A4426D}.Debug|ARM.Build.0 = Debug|Any CPU
		{8E906580-1A31-4018-B71E-A56860A4426D}.Debug|iPhone.ActiveCfg = Debug|Any CPU
		{8E906580-1A31-4018-B71E-A56860A4426D}.Debug|iPhone.Build.0 = Debug|Any CPU
		{8E906580-1A31-4018-B71E-A56860A4426D}.Debug|iPhoneSimulator.ActiveCfg = Debug|Any CPU
		{8E906580-1A31-4018-B71E-A56860A4426D}.Debug|iPhoneSimulator.Build.0 = Debug|Any CPU
		{8E906580-1A31-4018-B71E-A56860A4426D}.Debug|x64.ActiveCfg = Debug|Any CPU
		{8E906580-1A31-4018-B71E-A56860A4426D}.Debug|x64.Build.0 = Debug|Any CPU
		{8E906580-1A31-4018-B71E-A56860A4426D}.Debug|x86.ActiveCfg = Debug|Any CPU
		{8E906580-1A31-4018-B71E-A56860A4426D}.Debug|x86.Build.0 = Debug|Any CPU
		{8E906580-1A31-4018-B71E-A56860A4426D}.Release|Any CPU.ActiveCfg = Release|Any CPU
		{8E906580-1A31-4018-B71E-A56860A4426D}.Release|Any CPU.Build.0 = Release|Any CPU
		{8E906580-1A31-4018-B71E-A56860A4426D}.Release|ARM.ActiveCfg = Release|Any CPU
		{8E906580-1A31-4018-B71E-A56860A4426D}.Release|ARM.Build.0 = Release|Any CPU
		{8E906580-1A31-4018-B71E-A56860A4426D}.Release|iPhone.ActiveCfg = Release|Any CPU
		{8E906580-1A31-4018-B71E-A56860A4426D}.Release|iPhone.Build.0 = Release|Any CPU
		{8E906580-1A31-4018-B71E-A56860A4426D}.Release|iPhoneSimulator.ActiveCfg = Release|Any CPU
		{8E906580-1A31-4018-B71E-A56860A4426D}.Release|iPhoneSimulator.Build.0 = Release|Any CPU
		{8E906580-1A31-4018-B71E-A56860A4426D}.Release|x64.ActiveCfg = Release|Any CPU
		{8E906580-1A31-4018-B71E-A56860A4426D}.Release|x64.Build.0 = Release|Any CPU
		{8E906580-1A31-4018-B71E-A56860A4426D}.Release|x86.ActiveCfg = Release|Any CPU
		{8E906580-1A31-4018-B71E-A56860A4426D}.Release|x86.Build.0 = Release|Any CPU
	EndGlobalSection
	GlobalSection(SolutionProperties) = preSolution
		HideSolutionNode = FALSE
	EndGlobalSection
	GlobalSection(NestedProjects) = preSolution
		{8E906580-1A31-4018-B71E-A56860A4426D} = {B56E5E27-CFA1-4EDC-AA0C-469BCD54D5DD}
	EndGlobalSection
	GlobalSection(ExtensibilityGlobals) = postSolution
		SolutionGuid = {59FD43BB-E82B-47E4-AE55-963E24300EE2}
	EndGlobalSection
EndGlobal
